// !$*UTF8*$!
{
	archiveVersion = 1;
	classes = {
	};
	objectVersion = 50;
	objects = {

/* Begin PBXBuildFile section */
		8677DAC8248A90330060F3F3 /* AppDelegate.swift in Sources */ = {isa = PBXBuildFile; fileRef = 8677DAC7248A90330060F3F3 /* AppDelegate.swift */; };
		8677DACA248A90330060F3F3 /* SceneDelegate.swift in Sources */ = {isa = PBXBuildFile; fileRef = 8677DAC9248A90330060F3F3 /* SceneDelegate.swift */; };
		8677DACC248A90330060F3F3 /* ViewController.swift in Sources */ = {isa = PBXBuildFile; fileRef = 8677DACB248A90330060F3F3 /* ViewController.swift */; };
		8677DACF248A90330060F3F3 /* Main.storyboard in Resources */ = {isa = PBXBuildFile; fileRef = 8677DACD248A90330060F3F3 /* Main.storyboard */; };
		8677DAD1248A90360060F3F3 /* Assets.xcassets in Resources */ = {isa = PBXBuildFile; fileRef = 8677DAD0248A90360060F3F3 /* Assets.xcassets */; };
		8677DAD4248A90360060F3F3 /* LaunchScreen.storyboard in Resources */ = {isa = PBXBuildFile; fileRef = 8677DAD2248A90360060F3F3 /* LaunchScreen.storyboard */; };
		8677DAEB248A90530060F3F3 /* NetworkService.swift in Sources */ = {isa = PBXBuildFile; fileRef = 8677DAE9248A90530060F3F3 /* NetworkService.swift */; };
		8677DAEC248A90530060F3F3 /* response.json in Resources */ = {isa = PBXBuildFile; fileRef = 8677DAEA248A90530060F3F3 /* response.json */; };
		8677DAEE248A90590060F3F3 /* AsyncTests.swift in Sources */ = {isa = PBXBuildFile; fileRef = 8677DAED248A90590060F3F3 /* AsyncTests.swift */; };
/* End PBXBuildFile section */

/* Begin PBXContainerItemProxy section */
		8677DADB248A90360060F3F3 /* PBXContainerItemProxy */ = {
			isa = PBXContainerItemProxy;
			containerPortal = 8677DABC248A90330060F3F3 /* Project object */;
			proxyType = 1;
			remoteGlobalIDString = 8677DAC3248A90330060F3F3;
			remoteInfo = "JSON & URLSession";
		};
/* End PBXContainerItemProxy section */

/* Begin PBXFileReference section */
		8677DAC4248A90330060F3F3 /* JSON & URLSession.app */ = {isa = PBXFileReference; explicitFileType = wrapper.application; includeInIndex = 0; path = "JSON & URLSession.app"; sourceTree = BUILT_PRODUCTS_DIR; };
		8677DAC7248A90330060F3F3 /* AppDelegate.swift */ = {isa = PBXFileReference; lastKnownFileType = sourcecode.swift; path = AppDelegate.swift; sourceTree = "<group>"; };
		8677DAC9248A90330060F3F3 /* SceneDelegate.swift */ = {isa = PBXFileReference; lastKnownFileType = sourcecode.swift; path = SceneDelegate.swift; sourceTree = "<group>"; };
		8677DACB248A90330060F3F3 /* ViewController.swift */ = {isa = PBXFileReference; lastKnownFileType = sourcecode.swift; path = ViewController.swift; sourceTree = "<group>"; };
		8677DACE248A90330060F3F3 /* Base */ = {isa = PBXFileReference; lastKnownFileType = file.storyboard; name = Base; path = Base.lproj/Main.storyboard; sourceTree = "<group>"; };
		8677DAD0248A90360060F3F3 /* Assets.xcassets */ = {isa = PBXFileReference; lastKnownFileType = folder.assetcatalog; path = Assets.xcassets; sourceTree = "<group>"; };
		8677DAD3248A90360060F3F3 /* Base */ = {isa = PBXFileReference; lastKnownFileType = file.storyboard; name = Base; path = Base.lproj/LaunchScreen.storyboard; sourceTree = "<group>"; };
		8677DAD5248A90360060F3F3 /* Info.plist */ = {isa = PBXFileReference; lastKnownFileType = text.plist.xml; path = Info.plist; sourceTree = "<group>"; };
		8677DADA248A90360060F3F3 /* JSON & URLSessionTests.xctest */ = {isa = PBXFileReference; explicitFileType = wrapper.cfbundle; includeInIndex = 0; path = "JSON & URLSessionTests.xctest"; sourceTree = BUILT_PRODUCTS_DIR; };
		8677DAE0248A90360060F3F3 /* Info.plist */ = {isa = PBXFileReference; lastKnownFileType = text.plist.xml; path = Info.plist; sourceTree = "<group>"; };
		8677DAE9248A90530060F3F3 /* NetworkService.swift */ = {isa = PBXFileReference; fileEncoding = 4; lastKnownFileType = sourcecode.swift; path = NetworkService.swift; sourceTree = "<group>"; };
		8677DAEA248A90530060F3F3 /* response.json */ = {isa = PBXFileReference; fileEncoding = 4; lastKnownFileType = text.json; path = response.json; sourceTree = "<group>"; };
		8677DAED248A90590060F3F3 /* AsyncTests.swift */ = {isa = PBXFileReference; fileEncoding = 4; lastKnownFileType = sourcecode.swift; path = AsyncTests.swift; sourceTree = "<group>"; };
/* End PBXFileReference section */

/* Begin PBXFrameworksBuildPhase section */
		8677DAC1248A90330060F3F3 /* Frameworks */ = {
			isa = PBXFrameworksBuildPhase;
			buildActionMask = 2147483647;
			files = (
			);
			runOnlyForDeploymentPostprocessing = 0;
		};
		8677DAD7248A90360060F3F3 /* Frameworks */ = {
			isa = PBXFrameworksBuildPhase;
			buildActionMask = 2147483647;
			files = (
			);
			runOnlyForDeploymentPostprocessing = 0;
		};
/* End PBXFrameworksBuildPhase section */

/* Begin PBXGroup section */
		8677DABB248A90330060F3F3 = {
			isa = PBXGroup;
			children = (
				8677DAC6248A90330060F3F3 /* JSON & URLSession */,
				8677DADD248A90360060F3F3 /* JSON & URLSessionTests */,
				8677DAC5248A90330060F3F3 /* Products */,
			);
			sourceTree = "<group>";
		};
		8677DAC5248A90330060F3F3 /* Products */ = {
			isa = PBXGroup;
			children = (
				8677DAC4248A90330060F3F3 /* JSON & URLSession.app */,
				8677DADA248A90360060F3F3 /* JSON & URLSessionTests.xctest */,
			);
			name = Products;
			sourceTree = "<group>";
		};
		8677DAC6248A90330060F3F3 /* JSON & URLSession */ = {
			isa = PBXGroup;
			children = (
				8677DAC7248A90330060F3F3 /* AppDelegate.swift */,
				8677DAC9248A90330060F3F3 /* SceneDelegate.swift */,
				8677DACB248A90330060F3F3 /* ViewController.swift */,
				8677DAE9248A90530060F3F3 /* NetworkService.swift */,
				8677DAEA248A90530060F3F3 /* response.json */,
				8677DACD248A90330060F3F3 /* Main.storyboard */,
				8677DAD0248A90360060F3F3 /* Assets.xcassets */,
				8677DAD2248A90360060F3F3 /* LaunchScreen.storyboard */,
				8677DAD5248A90360060F3F3 /* Info.plist */,
			);
			path = "JSON & URLSession";
			sourceTree = "<group>";
		};
		8677DADD248A90360060F3F3 /* JSON & URLSessionTests */ = {
			isa = PBXGroup;
			children = (
				8677DAED248A90590060F3F3 /* AsyncTests.swift */,
				8677DAE0248A90360060F3F3 /* Info.plist */,
			);
			path = "JSON & URLSessionTests";
			sourceTree = "<group>";
		};
/* End PBXGroup section */

/* Begin PBXNativeTarget section */
		8677DAC3248A90330060F3F3 /* JSON & URLSession */ = {
			isa = PBXNativeTarget;
			buildConfigurationList = 8677DAE3248A90360060F3F3 /* Build configuration list for PBXNativeTarget "JSON & URLSession" */;
			buildPhases = (
				8677DAC0248A90330060F3F3 /* Sources */,
				8677DAC1248A90330060F3F3 /* Frameworks */,
				8677DAC2248A90330060F3F3 /* Resources */,
			);
			buildRules = (
			);
			dependencies = (
			);
			name = "JSON & URLSession";
			productName = "JSON & URLSession";
			productReference = 8677DAC4248A90330060F3F3 /* JSON & URLSession.app */;
			productType = "com.apple.product-type.application";
		};
		8677DAD9248A90360060F3F3 /* JSON & URLSessionTests */ = {
			isa = PBXNativeTarget;
			buildConfigurationList = 8677DAE6248A90360060F3F3 /* Build configuration list for PBXNativeTarget "JSON & URLSessionTests" */;
			buildPhases = (
				8677DAD6248A90360060F3F3 /* Sources */,
				8677DAD7248A90360060F3F3 /* Frameworks */,
				8677DAD8248A90360060F3F3 /* Resources */,
			);
			buildRules = (
			);
			dependencies = (
				8677DADC248A90360060F3F3 /* PBXTargetDependency */,
			);
			name = "JSON & URLSessionTests";
			productName = "JSON & URLSessionTests";
			productReference = 8677DADA248A90360060F3F3 /* JSON & URLSessionTests.xctest */;
			productType = "com.apple.product-type.bundle.unit-test";
		};
/* End PBXNativeTarget section */

/* Begin PBXProject section */
		8677DABC248A90330060F3F3 /* Project object */ = {
			isa = PBXProject;
			attributes = {
				LastSwiftUpdateCheck = 1150;
				LastUpgradeCheck = 1150;
				ORGANIZATIONNAME = "Gavin Li";
				TargetAttributes = {
					8677DAC3248A90330060F3F3 = {
						CreatedOnToolsVersion = 11.5;
					};
					8677DAD9248A90360060F3F3 = {
						CreatedOnToolsVersion = 11.5;
						TestTargetID = 8677DAC3248A90330060F3F3;
					};
				};
			};
			buildConfigurationList = 8677DABF248A90330060F3F3 /* Build configuration list for PBXProject "JSON & URLSession" */;
			compatibilityVersion = "Xcode 9.3";
			developmentRegion = en;
			hasScannedForEncodings = 0;
			knownRegions = (
				en,
				Base,
			);
			mainGroup = 8677DABB248A90330060F3F3;
			productRefGroup = 8677DAC5248A90330060F3F3 /* Products */;
			projectDirPath = "";
			projectRoot = "";
			targets = (
				8677DAC3248A90330060F3F3 /* JSON & URLSession */,
				8677DAD9248A90360060F3F3 /* JSON & URLSessionTests */,
			);
		};
/* End PBXProject section */

/* Begin PBXResourcesBuildPhase section */
		8677DAC2248A90330060F3F3 /* Resources */ = {
			isa = PBXResourcesBuildPhase;
			buildActionMask = 2147483647;
			files = (
				8677DAEC248A90530060F3F3 /* response.json in Resources */,
				8677DAD4248A90360060F3F3 /* LaunchScreen.storyboard in Resources */,
				8677DAD1248A90360060F3F3 /* Assets.xcassets in Resources */,
				8677DACF248A90330060F3F3 /* Main.storyboard in Resources */,
			);
			runOnlyForDeploymentPostprocessing = 0;
		};
		8677DAD8248A90360060F3F3 /* Resources */ = {
			isa = PBXResourcesBuildPhase;
			buildActionMask = 2147483647;
			files = (
			);
			runOnlyForDeploymentPostprocessing = 0;
		};
/* End PBXResourcesBuildPhase section */

/* Begin PBXSourcesBuildPhase section */
		8677DAC0248A90330060F3F3 /* Sources */ = {
			isa = PBXSourcesBuildPhase;
			buildActionMask = 2147483647;
			files = (
				8677DACC248A90330060F3F3 /* ViewController.swift in Sources */,
				8677DAC8248A90330060F3F3 /* AppDelegate.swift in Sources */,
				8677DAEB248A90530060F3F3 /* NetworkService.swift in Sources */,
				8677DACA248A90330060F3F3 /* SceneDelegate.swift in Sources */,
			);
			runOnlyForDeploymentPostprocessing = 0;
		};
		8677DAD6248A90360060F3F3 /* Sources */ = {
			isa = PBXSourcesBuildPhase;
			buildActionMask = 2147483647;
			files = (
				8677DAEE248A90590060F3F3 /* AsyncTests.swift in Sources */,
			);
			runOnlyForDeploymentPostprocessing = 0;
		};
/* End PBXSourcesBuildPhase section */

/* Begin PBXTargetDependency section */
		8677DADC248A90360060F3F3 /* PBXTargetDependency */ = {
			isa = PBXTargetDependency;
			target = 8677DAC3248A90330060F3F3 /* JSON & URLSession */;
			targetProxy = 8677DADB248A90360060F3F3 /* PBXContainerItemProxy */;
		};
/* End PBXTargetDependency section */

/* Begin PBXVariantGroup section */
		8677DACD248A90330060F3F3 /* Main.storyboard */ = {
			isa = PBXVariantGroup;
			children = (
				8677DACE248A90330060F3F3 /* Base */,
			);
			name = Main.storyboard;
			sourceTree = "<group>";
		};
		8677DAD2248A90360060F3F3 /* LaunchScreen.storyboard */ = {
			isa = PBXVariantGroup;
			children = (
				8677DAD3248A90360060F3F3 /* Base */,
			);
			name = LaunchScreen.storyboard;
			sourceTree = "<group>";
		};
/* End PBXVariantGroup section */

/* Begin XCBuildConfiguration section */
		8677DAE1248A90360060F3F3 /* Debug */ = {
			isa = XCBuildConfiguration;
			buildSettings = {
				ALWAYS_SEARCH_USER_PATHS = NO;
				CLANG_ANALYZER_NONNULL = YES;
				CLANG_ANALYZER_NUMBER_OBJECT_CONVERSION = YES_AGGRESSIVE;
				CLANG_CXX_LANGUAGE_STANDARD = "gnu++14";
				CLANG_CXX_LIBRARY = "libc++";
				CLANG_ENABLE_MODULES = YES;
				CLANG_ENABLE_OBJC_ARC = YES;
				CLANG_ENABLE_OBJC_WEAK = YES;
				CLANG_WARN_BLOCK_CAPTURE_AUTORELEASING = YES;
				CLANG_WARN_BOOL_CONVERSION = YES;
				CLANG_WARN_COMMA = YES;
				CLANG_WARN_CONSTANT_CONVERSION = YES;
				CLANG_WARN_DEPRECATED_OBJC_IMPLEMENTATIONS = YES;
				CLANG_WARN_DIRECT_OBJC_ISA_USAGE = YES_ERROR;
				CLANG_WARN_DOCUMENTATION_COMMENTS = YES;
				CLANG_WARN_EMPTY_BODY = YES;
				CLANG_WARN_ENUM_CONVERSION = YES;
				CLANG_WARN_INFINITE_RECURSION = YES;
				CLANG_WARN_INT_CONVERSION = YES;
				CLANG_WARN_NON_LITERAL_NULL_CONVERSION = YES;
				CLANG_WARN_OBJC_IMPLICIT_RETAIN_SELF = YES;
				CLANG_WARN_OBJC_LITERAL_CONVERSION = YES;
				CLANG_WARN_OBJC_ROOT_CLASS = YES_ERROR;
				CLANG_WARN_RANGE_LOOP_ANALYSIS = YES;
				CLANG_WARN_STRICT_PROTOTYPES = YES;
				CLANG_WARN_SUSPICIOUS_MOVE = YES;
				CLANG_WARN_UNGUARDED_AVAILABILITY = YES_AGGRESSIVE;
				CLANG_WARN_UNREACHABLE_CODE = YES;
				CLANG_WARN__DUPLICATE_METHOD_MATCH = YES;
				COPY_PHASE_STRIP = NO;
				DEBUG_INFORMATION_FORMAT = dwarf;
				ENABLE_STRICT_OBJC_MSGSEND = YES;
				ENABLE_TESTABILITY = YES;
				GCC_C_LANGUAGE_STANDARD = gnu11;
				GCC_DYNAMIC_NO_PIC = NO;
				GCC_NO_COMMON_BLOCKS = YES;
				GCC_OPTIMIZATION_LEVEL = 0;
				GCC_PREPROCESSOR_DEFINITIONS = (
					"DEBUG=1",
					"$(inherited)",
				);
				GCC_WARN_64_TO_32_BIT_CONVERSION = YES;
				GCC_WARN_ABOUT_RETURN_TYPE = YES_ERROR;
				GCC_WARN_UNDECLARED_SELECTOR = YES;
				GCC_WARN_UNINITIALIZED_AUTOS = YES_AGGRESSIVE;
				GCC_WARN_UNUSED_FUNCTION = YES;
				GCC_WARN_UNUSED_VARIABLE = YES;
				IPHONEOS_DEPLOYMENT_TARGET = 13.5;
				MTL_ENABLE_DEBUG_INFO = INCLUDE_SOURCE;
				MTL_FAST_MATH = YES;
				ONLY_ACTIVE_ARCH = YES;
				SDKROOT = iphoneos;
				SWIFT_ACTIVE_COMPILATION_CONDITIONS = DEBUG;
				SWIFT_OPTIMIZATION_LEVEL = "-Onone";
			};
			name = Debug;
		};
		8677DAE2248A90360060F3F3 /* Release */ = {
			isa = XCBuildConfiguration;
			buildSettings = {
				ALWAYS_SEARCH_USER_PATHS = NO;
				CLANG_ANALYZER_NONNULL = YES;
				CLANG_ANALYZER_NUMBER_OBJECT_CONVERSION = YES_AGGRESSIVE;
				CLANG_CXX_LANGUAGE_STANDARD = "gnu++14";
				CLANG_CXX_LIBRARY = "libc++";
				CLANG_ENABLE_MODULES = YES;
				CLANG_ENABLE_OBJC_ARC = YES;
				CLANG_ENABLE_OBJC_WEAK = YES;
				CLANG_WARN_BLOCK_CAPTURE_AUTORELEASING = YES;
				CLANG_WARN_BOOL_CONVERSION = YES;
				CLANG_WARN_COMMA = YES;
				CLANG_WARN_CONSTANT_CONVERSION = YES;
				CLANG_WARN_DEPRECATED_OBJC_IMPLEMENTATIONS = YES;
				CLANG_WARN_DIRECT_OBJC_ISA_USAGE = YES_ERROR;
				CLANG_WARN_DOCUMENTATION_COMMENTS = YES;
				CLANG_WARN_EMPTY_BODY = YES;
				CLANG_WARN_ENUM_CONVERSION = YES;
				CLANG_WARN_INFINITE_RECURSION = YES;
				CLANG_WARN_INT_CONVERSION = YES;
				CLANG_WARN_NON_LITERAL_NULL_CONVERSION = YES;
				CLANG_WARN_OBJC_IMPLICIT_RETAIN_SELF = YES;
				CLANG_WARN_OBJC_LITERAL_CONVERSION = YES;
				CLANG_WARN_OBJC_ROOT_CLASS = YES_ERROR;
				CLANG_WARN_RANGE_LOOP_ANALYSIS = YES;
				CLANG_WARN_STRICT_PROTOTYPES = YES;
				CLANG_WARN_SUSPICIOUS_MOVE = YES;
				CLANG_WARN_UNGUARDED_AVAILABILITY = YES_AGGRESSIVE;
				CLANG_WARN_UNREACHABLE_CODE = YES;
				CLANG_WARN__DUPLICATE_METHOD_MATCH = YES;
				COPY_PHASE_STRIP = NO;
				DEBUG_INFORMATION_FORMAT = "dwarf-with-dsym";
				ENABLE_NS_ASSERTIONS = NO;
				ENABLE_STRICT_OBJC_MSGSEND = YES;
				GCC_C_LANGUAGE_STANDARD = gnu11;
				GCC_NO_COMMON_BLOCKS = YES;
				GCC_WARN_64_TO_32_BIT_CONVERSION = YES;
				GCC_WARN_ABOUT_RETURN_TYPE = YES_ERROR;
				GCC_WARN_UNDECLARED_SELECTOR = YES;
				GCC_WARN_UNINITIALIZED_AUTOS = YES_AGGRESSIVE;
				GCC_WARN_UNUSED_FUNCTION = YES;
				GCC_WARN_UNUSED_VARIABLE = YES;
				IPHONEOS_DEPLOYMENT_TARGET = 13.5;
				MTL_ENABLE_DEBUG_INFO = NO;
				MTL_FAST_MATH = YES;
				SDKROOT = iphoneos;
				SWIFT_COMPILATION_MODE = wholemodule;
				SWIFT_OPTIMIZATION_LEVEL = "-O";
				VALIDATE_PRODUCT = YES;
			};
			name = Release;
		};
		8677DAE4248A90360060F3F3 /* Debug */ = {
			isa = XCBuildConfiguration;
			buildSettings = {
				ASSETCATALOG_COMPILER_APPICON_NAME = AppIcon;
				CODE_SIGN_STYLE = Automatic;
				INFOPLIST_FILE = "JSON & URLSession/Info.plist";
				LD_RUNPATH_SEARCH_PATHS = (
					"$(inherited)",
					"@executable_path/Frameworks",
				);
				PRODUCT_BUNDLE_IDENTIFIER = "org.gavinli.JSON---URLSession";
				PRODUCT_NAME = "$(TARGET_NAME)";
				SWIFT_VERSION = 5.0;
				TARGETED_DEVICE_FAMILY = "1,2";
			};
			name = Debug;
		};
		8677DAE5248A90360060F3F3 /* Release */ = {
			isa = XCBuildConfiguration;
			buildSettings = {
				ASSETCATALOG_COMPILER_APPICON_NAME = AppIcon;
				CODE_SIGN_STYLE = Automatic;
				INFOPLIST_FILE = "JSON & URLSession/Info.plist";
				LD_RUNPATH_SEARCH_PATHS = (
					"$(inherited)",
					"@executable_path/Frameworks",
				);
				PRODUCT_BUNDLE_IDENTIFIER = "org.gavinli.JSON---URLSession";
				PRODUCT_NAME = "$(TARGET_NAME)";
				SWIFT_VERSION = 5.0;
				TARGETED_DEVICE_FAMILY = "1,2";
			};
			name = Release;
		};
		8677DAE7248A90360060F3F3 /* Debug */ = {
			isa = XCBuildConfiguration;
			buildSettings = {
				ALWAYS_EMBED_SWIFT_STANDARD_LIBRARIES = YES;
				BUNDLE_LOADER = "$(TEST_HOST)";
				CODE_SIGN_STYLE = Automatic;
				INFOPLIST_FILE = "JSON & URLSessionTests/Info.plist";
				IPHONEOS_DEPLOYMENT_TARGET = 13.5;
				LD_RUNPATH_SEARCH_PATHS = (
					"$(inherited)",
					"@executable_path/Frameworks",
					"@loader_path/Frameworks",
				);
				PRODUCT_BUNDLE_IDENTIFIER = "org.gavinli.JSON---URLSessionTests";
				PRODUCT_NAME = "$(TARGET_NAME)";
				SWIFT_VERSION = 5.0;
				TARGETED_DEVICE_FAMILY = "1,2";
				TEST_HOST = "$(BUILT_PRODUCTS_DIR)/JSON & URLSession.app/JSON & URLSession";
			};
			name = Debug;
		};
		8677DAE8248A90360060F3F3 /* Release */ = {
			isa = XCBuildConfiguration;
			buildSettings = {
				ALWAYS_EMBED_SWIFT_STANDARD_LIBRARIES = YES;
				BUNDLE_LOADER = "$(TEST_HOST)";
				CODE_SIGN_STYLE = Automatic;
				INFOPLIST_FILE = "JSON & URLSessionTests/Info.plist";
				IPHONEOS_DEPLOYMENT_TARGET = 13.5;
				LD_RUNPATH_SEARCH_PATHS = (
					"$(inherited)",
					"@executable_path/Frameworks",
					"@loader_path/Frameworks",
				);
				PRODUCT_BUNDLE_IDENTIFIER = "org.gavinli.JSON---URLSessionTests";
				PRODUCT_NAME = "$(TARGET_NAME)";
				SWIFT_VERSION = 5.0;
				TARGETED_DEVICE_FAMILY = "1,2";
				TEST_HOST = "$(BUILT_PRODUCTS_DIR)/JSON & URLSession.app/JSON & URLSession";
			};
			name = Release;
		};
/* End XCBuildConfiguration section */

/* Begin XCConfigurationList section */
		8677DABF248A90330060F3F3 /* Build configuration list for PBXProject "JSON & URLSession" */ = {
			isa = XCConfigurationList;
			buildConfigurations = (
				8677DAE1248A90360060F3F3 /* Debug */,
				8677DAE2248A90360060F3F3 /* Release */,
			);
			defaultConfigurationIsVisible = 0;
			defaultConfigurationName = Release;
		};
		8677DAE3248A90360060F3F3 /* Build configuration list for PBXNativeTarget "JSON & URLSession" */ = {
			isa = XCConfigurationList;
			buildConfigurations = (
				8677DAE4248A90360060F3F3 /* Debug */,
				8677DAE5248A90360060F3F3 /* Release */,
			);
			defaultConfigurationIsVisible = 0;
			defaultConfigurationName = Release;
		};
		8677DAE6248A90360060F3F3 /* Build configuration list for PBXNativeTarget "JSON & URLSessionTests" */ = {
			isa = XCConfigurationList;
			buildConfigurations = (
				8677DAE7248A90360060F3F3 /* Debug */,
				8677DAE8248A90360060F3F3 /* Release */,
			);
			defaultConfigurationIsVisible = 0;
			defaultConfigurationName = Release;
		};
/* End XCConfigurationList section */
	};
	rootObject = 8677DABC248A90330060F3F3 /* Project object */;
}
